
Microsoft Visual Studio Solution File, Format Version 12.00
# Visual Studio 14
VisualStudioVersion = 14.0.25420.1
MinimumVisualStudioVersion = 10.0.40219.1
Project("{FAE04EC0-301F-11D3-BF4B-00C04F79EFBC}") = "MongoDBConnect", "MongoDBConnect\MongoDBConnect.csproj", "{7230C8A0-65A8-4445-BB47-EEA65BE16336}"
EndProject
Project("{FAE04EC0-301F-11D3-BF4B-00C04F79EFBC}") = "MongoDBConnectTests", "MongoDBConnectTests\MongoDBConnectTests.csproj", "{9B9719CA-8D45-49AA-804A-58605F48EE84}"
EndProject
Project("{FAE04EC0-301F-11D3-BF4B-00C04F79EFBC}") = "Repository", "Repository\Repository.csproj", "{FEE1723E-782C-4D13-83EE-F1FD0EAB9954}"
EndProject
Project("{FAE04EC0-301F-11D3-BF4B-00C04F79EFBC}") = "RepositoryTests", "RepositoryTests\RepositoryTests.csproj", "{43E6B96F-5D9C-40C0-9D8E-CC5A054FE960}"
EndProject
Global
	GlobalSection(SolutionConfigurationPlatforms) = preSolution
		Debug|Any CPU = Debug|Any CPU
		Release|Any CPU = Release|Any CPU
	EndGlobalSection
	GlobalSection(ProjectConfigurationPlatforms) = postSolution
		{7230C8A0-65A8-4445-BB47-EEA65BE16336}.Debug|Any CPU.ActiveCfg = Debug|Any CPU
		{7230C8A0-65A8-4445-BB47-EEA65BE16336}.Debug|Any CPU.Build.0 = Debug|Any CPU
		{7230C8A0-65A8-4445-BB47-EEA65BE16336}.Release|Any CPU.ActiveCfg = Release|Any CPU
		{7230C8A0-65A8-4445-BB47-EEA65BE16336}.Release|Any CPU.Build.0 = Release|Any CPU
		{9B9719CA-8D45-49AA-804A-58605F48EE84}.Debug|Any CPU.ActiveCfg = Debug|Any CPU
		{9B9719CA-8D45-49AA-804A-58605F48EE84}.Debug|Any CPU.Build.0 = Debug|Any CPU
		{9B9719CA-8D45-49AA-804A-58605F48EE84}.Release|Any CPU.ActiveCfg = Release|Any CPU
		{9B9719CA-8D45-49AA-804A-58605F48EE84}.Release|Any CPU.Build.0 = Release|Any CPU
		{FEE1723E-782C-4D13-83EE-F1FD0EAB9954}.Debug|Any CPU.ActiveCfg = Debug|Any CPU
		{FEE1723E-782C-4D13-83EE-F1FD0EAB9954}.Debug|Any CPU.Build.0 = Debug|Any CPU
		{FEE1723E-782C-4D13-83EE-F1FD0EAB9954}.Release|Any CPU.ActiveCfg = Release|Any CPU
		{FEE1723E-782C-4D13-83EE-F1FD0EAB9954}.Release|Any CPU.Build.0 = Release|Any CPU
		{43E6B96F-5D9C-40C0-9D8E-CC5A054FE960}.Debug|Any CPU.ActiveCfg = Debug|Any CPU
		{43E6B96F-5D9C-40C0-9D8E-CC5A054FE960}.Debug|Any CPU.Build.0 = Debug|Any CPU
		{43E6B96F-5D9C-40C0-9D8E-CC5A054FE960}.Release|Any CPU.ActiveCfg = Release|Any CPU
		{43E6B96F-5D9C-40C0-9D8E-CC5A054FE960}.Release|Any CPU.Build.0 = Release|Any CPU
	EndGlobalSection
	GlobalSection(SolutionProperties) = preSolution
		HideSolutionNode = FALSE
	EndGlobalSection
EndGlobal
